
Microsoft Visual Studio Solution File, Format Version 12.00
# Visual Studio Version 16
VisualStudioVersion = 16.0.31515.178
MinimumVisualStudioVersion = 10.0.40219.1
Project("{2150E333-8FDC-42A3-9474-1A3956D46DE8}") = "Services", "Services", "{DEC8F5E2-FD8C-4C9E-9CA6-D395CA63204B}"
EndProject
Project("{2150E333-8FDC-42A3-9474-1A3956D46DE8}") = "Catalog", "Catalog", "{35BD574E-A114-44E7-A63A-F2201A30C3CB}"
EndProject
Project("{9A19103F-16F7-4668-BE54-9A1E7A4F7556}") = "Catalog.API", "Services\Catalog\Catalog.API\Catalog.API.csproj", "{1B8F0659-67FD-4C24-919E-6E16C1BC4193}"
EndProject
Project("{E53339B2-1760-4266-BCC7-CA923CBCF16C}") = "docker-compose", "docker-compose.dcproj", "{892CF678-438E-43B1-B650-41FD1B25A2C1}"
EndProject
Project("{2150E333-8FDC-42A3-9474-1A3956D46DE8}") = "Basket", "Basket", "{7B860B99-DB09-4C6C-9A5A-685941F25B89}"
EndProject
Project("{9A19103F-16F7-4668-BE54-9A1E7A4F7556}") = "Basket.API", "Services\Basket\Basket.API\Basket.API.csproj", "{255FAA6A-3275-4AEC-AFB8-73B0F8C5247D}"
EndProject
Project("{2150E333-8FDC-42A3-9474-1A3956D46DE8}") = "Discount", "Discount", "{F3069037-CB6C-4221-96FB-5ADBE0A94315}"
EndProject
Project("{9A19103F-16F7-4668-BE54-9A1E7A4F7556}") = "Discount.API", "Services\Discount\Discount.API\Discount.API.csproj", "{4E9B6089-54DB-4DE7-8CE5-2753A6EA4F54}"
EndProject
Project("{FAE04EC0-301F-11D3-BF4B-00C04F79EFBC}") = "Discount.Grpc", "Services\Discount\Discount.Grpc\Discount.Grpc.csproj", "{4A4A02B5-6957-4B17-A8D3-529854F39C71}"
EndProject
Global
	GlobalSection(SolutionConfigurationPlatforms) = preSolution
		Debug|Any CPU = Debug|Any CPU
		Release|Any CPU = Release|Any CPU
	EndGlobalSection
	GlobalSection(ProjectConfigurationPlatforms) = postSolution
		{1B8F0659-67FD-4C24-919E-6E16C1BC4193}.Debug|Any CPU.ActiveCfg = Debug|Any CPU
		{1B8F0659-67FD-4C24-919E-6E16C1BC4193}.Debug|Any CPU.Build.0 = Debug|Any CPU
		{1B8F0659-67FD-4C24-919E-6E16C1BC4193}.Release|Any CPU.ActiveCfg = Release|Any CPU
		{1B8F0659-67FD-4C24-919E-6E16C1BC4193}.Release|Any CPU.Build.0 = Release|Any CPU
		{892CF678-438E-43B1-B650-41FD1B25A2C1}.Debug|Any CPU.ActiveCfg = Debug|Any CPU
		{892CF678-438E-43B1-B650-41FD1B25A2C1}.Debug|Any CPU.Build.0 = Debug|Any CPU
		{892CF678-438E-43B1-B650-41FD1B25A2C1}.Release|Any CPU.ActiveCfg = Release|Any CPU
		{892CF678-438E-43B1-B650-41FD1B25A2C1}.Release|Any CPU.Build.0 = Release|Any CPU
		{255FAA6A-3275-4AEC-AFB8-73B0F8C5247D}.Debug|Any CPU.ActiveCfg = Debug|Any CPU
		{255FAA6A-3275-4AEC-AFB8-73B0F8C5247D}.Debug|Any CPU.Build.0 = Debug|Any CPU
		{255FAA6A-3275-4AEC-AFB8-73B0F8C5247D}.Release|Any CPU.ActiveCfg = Release|Any CPU
		{255FAA6A-3275-4AEC-AFB8-73B0F8C5247D}.Release|Any CPU.Build.0 = Release|Any CPU
		{4E9B6089-54DB-4DE7-8CE5-2753A6EA4F54}.Debug|Any CPU.ActiveCfg = Debug|Any CPU
		{4E9B6089-54DB-4DE7-8CE5-2753A6EA4F54}.Debug|Any CPU.Build.0 = Debug|Any CPU
		{4E9B6089-54DB-4DE7-8CE5-2753A6EA4F54}.Release|Any CPU.ActiveCfg = Release|Any CPU
		{4E9B6089-54DB-4DE7-8CE5-2753A6EA4F54}.Release|Any CPU.Build.0 = Release|Any CPU
		{4A4A02B5-6957-4B17-A8D3-529854F39C71}.Debug|Any CPU.ActiveCfg = Debug|Any CPU
		{4A4A02B5-6957-4B17-A8D3-529854F39C71}.Debug|Any CPU.Build.0 = Debug|Any CPU
		{4A4A02B5-6957-4B17-A8D3-529854F39C71}.Release|Any CPU.ActiveCfg = Release|Any CPU
		{4A4A02B5-6957-4B17-A8D3-529854F39C71}.Release|Any CPU.Build.0 = Release|Any CPU
	EndGlobalSection
	GlobalSection(SolutionProperties) = preSolution
		HideSolutionNode = FALSE
	EndGlobalSection
	GlobalSection(NestedProjects) = preSolution
		{35BD574E-A114-44E7-A63A-F2201A30C3CB} = {DEC8F5E2-FD8C-4C9E-9CA6-D395CA63204B}
		{1B8F0659-67FD-4C24-919E-6E16C1BC4193} = {35BD574E-A114-44E7-A63A-F2201A30C3CB}
		{7B860B99-DB09-4C6C-9A5A-685941F25B89} = {DEC8F5E2-FD8C-4C9E-9CA6-D395CA63204B}
		{255FAA6A-3275-4AEC-AFB8-73B0F8C5247D} = {7B860B99-DB09-4C6C-9A5A-685941F25B89}
		{F3069037-CB6C-4221-96FB-5ADBE0A94315} = {DEC8F5E2-FD8C-4C9E-9CA6-D395CA63204B}
		{4E9B6089-54DB-4DE7-8CE5-2753A6EA4F54} = {F3069037-CB6C-4221-96FB-5ADBE0A94315}
		{4A4A02B5-6957-4B17-A8D3-529854F39C71} = {F3069037-CB6C-4221-96FB-5ADBE0A94315}
	EndGlobalSection
	GlobalSection(ExtensibilityGlobals) = postSolution
		SolutionGuid = {76621490-0646-4C18-9F22-DB0851CAA24B}
	EndGlobalSection
EndGlobal
